// !$*UTF8*$!
{
	archiveVersion = 1;
	classes = {
	};
	objectVersion = 46;
	objects = {

/* Begin PBXBuildFile section */
		5C2917F91D9996800023AA72 /* AppDelegate.swift in Sources */ = {isa = PBXBuildFile; fileRef = 5C2917F81D9996800023AA72 /* AppDelegate.swift */; };
		5C2917FB1D9996800023AA72 /* ViewController.swift in Sources */ = {isa = PBXBuildFile; fileRef = 5C2917FA1D9996800023AA72 /* ViewController.swift */; };
		5C2917FE1D9996800023AA72 /* Main.storyboard in Resources */ = {isa = PBXBuildFile; fileRef = 5C2917FC1D9996800023AA72 /* Main.storyboard */; };
		5C2918001D9996800023AA72 /* Assets.xcassets in Resources */ = {isa = PBXBuildFile; fileRef = 5C2917FF1D9996800023AA72 /* Assets.xcassets */; };
		5C2918031D9996800023AA72 /* LaunchScreen.storyboard in Resources */ = {isa = PBXBuildFile; fileRef = 5C2918011D9996800023AA72 /* LaunchScreen.storyboard */; };
		5C29180E1D9996810023AA72 /* FirstAppTests.swift in Sources */ = {isa = PBXBuildFile; fileRef = 5C29180D1D9996810023AA72 /* FirstAppTests.swift */; };
		5C2918191D9996810023AA72 /* FirstAppUITests.swift in Sources */ = {isa = PBXBuildFile; fileRef = 5C2918181D9996810023AA72 /* FirstAppUITests.swift */; };
/* End PBXBuildFile section */

/* Begin PBXContainerItemProxy section */
		5C29180A1D9996800023AA72 /* PBXContainerItemProxy */ = {
			isa = PBXContainerItemProxy;
			containerPortal = 5C2917ED1D9996800023AA72 /* Project object */;
			proxyType = 1;
			remoteGlobalIDString = 5C2917F41D9996800023AA72;
			remoteInfo = FirstApp;
		};
		5C2918151D9996810023AA72 /* PBXContainerItemProxy */ = {
			isa = PBXContainerItemProxy;
			containerPortal = 5C2917ED1D9996800023AA72 /* Project object */;
			proxyType = 1;
			remoteGlobalIDString = 5C2917F41D9996800023AA72;
			remoteInfo = FirstApp;
		};
/* End PBXContainerItemProxy section */

/* Begin PBXFileReference section */
		5C2917F51D9996800023AA72 /* FirstApp.app */ = {isa = PBXFileReference; explicitFileType = wrapper.application; includeInIndex = 0; path = FirstApp.app; sourceTree = BUILT_PRODUCTS_DIR; };
		5C2917F81D9996800023AA72 /* AppDelegate.swift */ = {isa = PBXFileReference; lastKnownFileType = sourcecode.swift; path = AppDelegate.swift; sourceTree = "<group>"; };
		5C2917FA1D9996800023AA72 /* ViewController.swift */ = {isa = PBXFileReference; lastKnownFileType = sourcecode.swift; path = ViewController.swift; sourceTree = "<group>"; };
		5C2917FD1D9996800023AA72 /* Base */ = {isa = PBXFileReference; lastKnownFileType = file.storyboard; name = Base; path = Base.lproj/Main.storyboard; sourceTree = "<group>"; };
		5C2917FF1D9996800023AA72 /* Assets.xcassets */ = {isa = PBXFileReference; lastKnownFileType = folder.assetcatalog; path = Assets.xcassets; sourceTree = "<group>"; };
		5C2918021D9996800023AA72 /* Base */ = {isa = PBXFileReference; lastKnownFileType = file.storyboard; name = Base; path = Base.lproj/LaunchScreen.storyboard; sourceTree = "<group>"; };
		5C2918041D9996800023AA72 /* Info.plist */ = {isa = PBXFileReference; lastKnownFileType = text.plist.xml; path = Info.plist; sourceTree = "<group>"; };
		5C2918091D9996800023AA72 /* FirstAppTests.xctest */ = {isa = PBXFileReference; explicitFileType = wrapper.cfbundle; includeInIndex = 0; path = FirstAppTests.xctest; sourceTree = BUILT_PRODUCTS_DIR; };
		5C29180D1D9996810023AA72 /* FirstAppTests.swift */ = {isa = PBXFileReference; lastKnownFileType = sourcecode.swift; path = FirstAppTests.swift; sourceTree = "<group>"; };
		5C29180F1D9996810023AA72 /* Info.plist */ = {isa = PBXFileReference; lastKnownFileType = text.plist.xml; path = Info.plist; sourceTree = "<group>"; };
		5C2918141D9996810023AA72 /* FirstAppUITests.xctest */ = {isa = PBXFileReference; explicitFileType = wrapper.cfbundle; includeInIndex = 0; path = FirstAppUITests.xctest; sourceTree = BUILT_PRODUCTS_DIR; };
		5C2918181D9996810023AA72 /* FirstAppUITests.swift */ = {isa = PBXFileReference; lastKnownFileType = sourcecode.swift; path = FirstAppUITests.swift; sourceTree = "<group>"; };
		5C29181A1D9996810023AA72 /* Info.plist */ = {isa = PBXFileReference; lastKnownFileType = text.plist.xml; path = Info.plist; sourceTree = "<group>"; };
/* End PBXFileReference section */

/* Begin PBXFrameworksBuildPhase section */
		5C2917F21D9996800023AA72 /* Frameworks */ = {
			isa = PBXFrameworksBuildPhase;
			buildActionMask = 2147483647;
			files = (
			);
			runOnlyForDeploymentPostprocessing = 0;
		};
		5C2918061D9996800023AA72 /* Frameworks */ = {
			isa = PBXFrameworksBuildPhase;
			buildActionMask = 2147483647;
			files = (
			);
			runOnlyForDeploymentPostprocessing = 0;
		};
		5C2918111D9996810023AA72 /* Frameworks */ = {
			isa = PBXFrameworksBuildPhase;
			buildActionMask = 2147483647;
			files = (
			);
			runOnlyForDeploymentPostprocessing = 0;
		};
/* End PBXFrameworksBuildPhase section */

/* Begin PBXGroup section */
		5C2917EC1D9996800023AA72 = {
			isa = PBXGroup;
			children = (
				5C2917F71D9996800023AA72 /* FirstApp */,
				5C29180C1D9996800023AA72 /* FirstAppTests */,
				5C2918171D9996810023AA72 /* FirstAppUITests */,
				5C2917F61D9996800023AA72 /* Products */,
			);
			sourceTree = "<group>";
		};
		5C2917F61D9996800023AA72 /* Products */ = {
			isa = PBXGroup;
			children = (
				5C2917F51D9996800023AA72 /* FirstApp.app */,
				5C2918091D9996800023AA72 /* FirstAppTests.xctest */,
				5C2918141D9996810023AA72 /* FirstAppUITests.xctest */,
			);
			name = Products;
			sourceTree = "<group>";
		};
		5C2917F71D9996800023AA72 /* FirstApp */ = {
			isa = PBXGroup;
			children = (
				5C2917F81D9996800023AA72 /* AppDelegate.swift */,
				5C2917FA1D9996800023AA72 /* ViewController.swift */,
				5C2917FC1D9996800023AA72 /* Main.storyboard */,
				5C2917FF1D9996800023AA72 /* Assets.xcassets */,
				5C2918011D9996800023AA72 /* LaunchScreen.storyboard */,
				5C2918041D9996800023AA72 /* Info.plist */,
			);
			path = FirstApp;
			sourceTree = "<group>";
		};
		5C29180C1D9996800023AA72 /* FirstAppTests */ = {
			isa = PBXGroup;
			children = (
				5C29180D1D9996810023AA72 /* FirstAppTests.swift */,
				5C29180F1D9996810023AA72 /* Info.plist */,
			);
			path = FirstAppTests;
			sourceTree = "<group>";
		};
		5C2918171D9996810023AA72 /* FirstAppUITests */ = {
			isa = PBXGroup;
			children = (
				5C2918181D9996810023AA72 /* FirstAppUITests.swift */,
				5C29181A1D9996810023AA72 /* Info.plist */,
			);
			path = FirstAppUITests;
			sourceTree = "<group>";
		};
/* End PBXGroup section */

/* Begin PBXNativeTarget section */
		5C2917F41D9996800023AA72 /* FirstApp */ = {
			isa = PBXNativeTarget;
			buildConfigurationList = 5C29181D1D9996810023AA72 /* Build configuration list for PBXNativeTarget "FirstApp" */;
			buildPhases = (
				5C2917F11D9996800023AA72 /* Sources */,
				5C2917F21D9996800023AA72 /* Frameworks */,
				5C2917F31D9996800023AA72 /* Resources */,
			);
			buildRules = (
			);
			dependencies = (
			);
			name = FirstApp;
			productName = FirstApp;
			productReference = 5C2917F51D9996800023AA72 /* FirstApp.app */;
			productType = "com.apple.product-type.application";
		};
		5C2918081D9996800023AA72 /* FirstAppTests */ = {
			isa = PBXNativeTarget;
			buildConfigurationList = 5C2918201D9996810023AA72 /* Build configuration list for PBXNativeTarget "FirstAppTests" */;
			buildPhases = (
				5C2918051D9996800023AA72 /* Sources */,
				5C2918061D9996800023AA72 /* Frameworks */,
				5C2918071D9996800023AA72 /* Resources */,
			);
			buildRules = (
			);
			dependencies = (
				5C29180B1D9996800023AA72 /* PBXTargetDependency */,
			);
			name = FirstAppTests;
			productName = FirstAppTests;
			productReference = 5C2918091D9996800023AA72 /* FirstAppTests.xctest */;
			productType = "com.apple.product-type.bundle.unit-test";
		};
		5C2918131D9996810023AA72 /* FirstAppUITests */ = {
			isa = PBXNativeTarget;
			buildConfigurationList = 5C2918231D9996810023AA72 /* Build configuration list for PBXNativeTarget "FirstAppUITests" */;
			buildPhases = (
				5C2918101D9996810023AA72 /* Sources */,
				5C2918111D9996810023AA72 /* Frameworks */,
				5C2918121D9996810023AA72 /* Resources */,
			);
			buildRules = (
			);
			dependencies = (
				5C2918161D9996810023AA72 /* PBXTargetDependency */,
			);
			name = FirstAppUITests;
			productName = FirstAppUITests;
			productReference = 5C2918141D9996810023AA72 /* FirstAppUITests.xctest */;
			productType = "com.apple.product-type.bundle.ui-testing";
		};
/* End PBXNativeTarget section */

/* Begin PBXProject section */
		5C2917ED1D9996800023AA72 /* Project object */ = {
			isa = PBXProject;
			attributes = {
				LastSwiftUpdateCheck = 0720;
				LastUpgradeCheck = 0720;
				ORGANIZATIONNAME = "Gallup, Tyler";
				TargetAttributes = {
					5C2917F41D9996800023AA72 = {
						CreatedOnToolsVersion = 7.2;
					};
					5C2918081D9996800023AA72 = {
						CreatedOnToolsVersion = 7.2;
						TestTargetID = 5C2917F41D9996800023AA72;
					};
					5C2918131D9996810023AA72 = {
						CreatedOnToolsVersion = 7.2;
						TestTargetID = 5C2917F41D9996800023AA72;
					};
				};
			};
			buildConfigurationList = 5C2917F01D9996800023AA72 /* Build configuration list for PBXProject "FirstApp" */;
			compatibilityVersion = "Xcode 3.2";
			developmentRegion = English;
			hasScannedForEncodings = 0;
			knownRegions = (
				en,
				Base,
			);
			mainGroup = 5C2917EC1D9996800023AA72;
			productRefGroup = 5C2917F61D9996800023AA72 /* Products */;
			projectDirPath = "";
			projectRoot = "";
			targets = (
				5C2917F41D9996800023AA72 /* FirstApp */,
				5C2918081D9996800023AA72 /* FirstAppTests */,
				5C2918131D9996810023AA72 /* FirstAppUITests */,
			);
		};
/* End PBXProject section */

/* Begin PBXResourcesBuildPhase section */
		5C2917F31D9996800023AA72 /* Resources */ = {
			isa = PBXResourcesBuildPhase;
			buildActionMask = 2147483647;
			files = (
				5C2918031D9996800023AA72 /* LaunchScreen.storyboard in Resources */,
				5C2918001D9996800023AA72 /* Assets.xcassets in Resources */,
				5C2917FE1D9996800023AA72 /* Main.storyboard in Resources */,
			);
			runOnlyForDeploymentPostprocessing = 0;
		};
		5C2918071D9996800023AA72 /* Resources */ = {
			isa = PBXResourcesBuildPhase;
			buildActionMask = 2147483647;
			files = (
			);
			runOnlyForDeploymentPostprocessing = 0;
		};
		5C2918121D9996810023AA72 /* Resources */ = {
			isa = PBXResourcesBuildPhase;
			buildActionMask = 2147483647;
			files = (
			);
			runOnlyForDeploymentPostprocessing = 0;
		};
/* End PBXResourcesBuildPhase section */

/* Begin PBXSourcesBuildPhase section */
		5C2917F11D9996800023AA72 /* Sources */ = {
			isa = PBXSourcesBuildPhase;
			buildActionMask = 2147483647;
			files = (
				5C2917FB1D9996800023AA72 /* ViewController.swift in Sources */,
				5C2917F91D9996800023AA72 /* AppDelegate.swift in Sources */,
			);
			runOnlyForDeploymentPostprocessing = 0;
		};
		5C2918051D9996800023AA72 /* Sources */ = {
			isa = PBXSourcesBuildPhase;
			buildActionMask = 2147483647;
			files = (
				5C29180E1D9996810023AA72 /* FirstAppTests.swift in Sources */,
			);
			runOnlyForDeploymentPostprocessing = 0;
		};
		5C2918101D9996810023AA72 /* Sources */ = {
			isa = PBXSourcesBuildPhase;
			buildActionMask = 2147483647;
			files = (
				5C2918191D9996810023AA72 /* FirstAppUITests.swift in Sources */,
			);
			runOnlyForDeploymentPostprocessing = 0;
		};
/* End PBXSourcesBuildPhase section */

/* Begin PBXTargetDependency section */
		5C29180B1D9996800023AA72 /* PBXTargetDependency */ = {
			isa = PBXTargetDependency;
			target = 5C2917F41D9996800023AA72 /* FirstApp */;
			targetProxy = 5C29180A1D9996800023AA72 /* PBXContainerItemProxy */;
		};
		5C2918161D9996810023AA72 /* PBXTargetDependency */ = {
			isa = PBXTargetDependency;
			target = 5C2917F41D9996800023AA72 /* FirstApp */;
			targetProxy = 5C2918151D9996810023AA72 /* PBXContainerItemProxy */;
		};
/* End PBXTargetDependency section */

/* Begin PBXVariantGroup section */
		5C2917FC1D9996800023AA72 /* Main.storyboard */ = {
			isa = PBXVariantGroup;
			children = (
				5C2917FD1D9996800023AA72 /* Base */,
			);
			name = Main.storyboard;
			sourceTree = "<group>";
		};
		5C2918011D9996800023AA72 /* LaunchScreen.storyboard */ = {
			isa = PBXVariantGroup;
			children = (
				5C2918021D9996800023AA72 /* Base */,
			);
			name = LaunchScreen.storyboard;
			sourceTree = "<group>";
		};
/* End PBXVariantGroup section */

/* Begin XCBuildConfiguration section */
		5C29181B1D9996810023AA72 /* Debug */ = {
			isa = XCBuildConfiguration;
			buildSettings = {
				ALWAYS_SEARCH_USER_PATHS = NO;
				CLANG_CXX_LANGUAGE_STANDARD = "gnu++0x";
				CLANG_CXX_LIBRARY = "libc++";
				CLANG_ENABLE_MODULES = YES;
				CLANG_ENABLE_OBJC_ARC = YES;
				CLANG_WARN_BOOL_CONVERSION = YES;
				CLANG_WARN_CONSTANT_CONVERSION = YES;
				CLANG_WARN_DIRECT_OBJC_ISA_USAGE = YES_ERROR;
				CLANG_WARN_EMPTY_BODY = YES;
				CLANG_WARN_ENUM_CONVERSION = YES;
				CLANG_WARN_INT_CONVERSION = YES;
				CLANG_WARN_OBJC_ROOT_CLASS = YES_ERROR;
				CLANG_WARN_UNREACHABLE_CODE = YES;
				CLANG_WARN__DUPLICATE_METHOD_MATCH = YES;
				"CODE_SIGN_IDENTITY[sdk=iphoneos*]" = "iPhone Developer";
				COPY_PHASE_STRIP = NO;
				DEBUG_INFORMATION_FORMAT = dwarf;
				ENABLE_STRICT_OBJC_MSGSEND = YES;
				ENABLE_TESTABILITY = YES;
				GCC_C_LANGUAGE_STANDARD = gnu99;
				GCC_DYNAMIC_NO_PIC = NO;
				GCC_NO_COMMON_BLOCKS = YES;
				GCC_OPTIMIZATION_LEVEL = 0;
				GCC_PREPROCESSOR_DEFINITIONS = (
					"DEBUG=1",
					"$(inherited)",
				);
				GCC_WARN_64_TO_32_BIT_CONVERSION = YES;
				GCC_WARN_ABOUT_RETURN_TYPE = YES_ERROR;
				GCC_WARN_UNDECLARED_SELECTOR = YES;
				GCC_WARN_UNINITIALIZED_AUTOS = YES_AGGRESSIVE;
				GCC_WARN_UNUSED_FUNCTION = YES;
				GCC_WARN_UNUSED_VARIABLE = YES;
				IPHONEOS_DEPLOYMENT_TARGET = 9.2;
				MTL_ENABLE_DEBUG_INFO = YES;
				ONLY_ACTIVE_ARCH = YES;
				SDKROOT = iphoneos;
				SWIFT_OPTIMIZATION_LEVEL = "-Onone";
				TARGETED_DEVICE_FAMILY = "1,2";
			};
			name = Debug;
		};
		5C29181C1D9996810023AA72 /* Release */ = {
			isa = XCBuildConfiguration;
			buildSettings = {
				ALWAYS_SEARCH_USER_PATHS = NO;
				CLANG_CXX_LANGUAGE_STANDARD = "gnu++0x";
				CLANG_CXX_LIBRARY = "libc++";
				CLANG_ENABLE_MODULES = YES;
				CLANG_ENABLE_OBJC_ARC = YES;
				CLANG_WARN_BOOL_CONVERSION = YES;
				CLANG_WARN_CONSTANT_CONVERSION = YES;
				CLANG_WARN_DIRECT_OBJC_ISA_USAGE = YES_ERROR;
				CLANG_WARN_EMPTY_BODY = YES;
				CLANG_WARN_ENUM_CONVERSION = YES;
				CLANG_WARN_INT_CONVERSION = YES;
				CLANG_WARN_OBJC_ROOT_CLASS = YES_ERROR;
				CLANG_WARN_UNREACHABLE_CODE = YES;
				CLANG_WARN__DUPLICATE_METHOD_MATCH = YES;
				"CODE_SIGN_IDENTITY[sdk=iphoneos*]" = "iPhone Developer";
				COPY_PHASE_STRIP = NO;
				DEBUG_INFORMATION_FORMAT = "dwarf-with-dsym";
				ENABLE_NS_ASSERTIONS = NO;
				ENABLE_STRICT_OBJC_MSGSEND = YES;
				GCC_C_LANGUAGE_STANDARD = gnu99;
				GCC_NO_COMMON_BLOCKS = YES;
				GCC_WARN_64_TO_32_BIT_CONVERSION = YES;
				GCC_WARN_ABOUT_RETURN_TYPE = YES_ERROR;
				GCC_WARN_UNDECLARED_SELECTOR = YES;
				GCC_WARN_UNINITIALIZED_AUTOS = YES_AGGRESSIVE;
				GCC_WARN_UNUSED_FUNCTION = YES;
				GCC_WARN_UNUSED_VARIABLE = YES;
				IPHONEOS_DEPLOYMENT_TARGET = 9.2;
				MTL_ENABLE_DEBUG_INFO = NO;
				SDKROOT = iphoneos;
				TARGETED_DEVICE_FAMILY = "1,2";
				VALIDATE_PRODUCT = YES;
			};
			name = Release;
		};
		5C29181E1D9996810023AA72 /* Debug */ = {
			isa = XCBuildConfiguration;
			buildSettings = {
				ASSETCATALOG_COMPILER_APPICON_NAME = AppIcon;
				INFOPLIST_FILE = FirstApp/Info.plist;
				LD_RUNPATH_SEARCH_PATHS = "$(inherited) @executable_path/Frameworks";
				PRODUCT_BUNDLE_IDENTIFIER = First.FirstApp;
				PRODUCT_NAME = "$(TARGET_NAME)";
			};
			name = Debug;
		};
		5C29181F1D9996810023AA72 /* Release */ = {
			isa = XCBuildConfiguration;
			buildSettings = {
				ASSETCATALOG_COMPILER_APPICON_NAME = AppIcon;
				INFOPLIST_FILE = FirstApp/Info.plist;
				LD_RUNPATH_SEARCH_PATHS = "$(inherited) @executable_path/Frameworks";
				PRODUCT_BUNDLE_IDENTIFIER = First.FirstApp;
				PRODUCT_NAME = "$(TARGET_NAME)";
			};
			name = Release;
		};
		5C2918211D9996810023AA72 /* Debug */ = {
			isa = XCBuildConfiguration;
			buildSettings = {
				BUNDLE_LOADER = "$(TEST_HOST)";
				INFOPLIST_FILE = FirstAppTests/Info.plist;
				LD_RUNPATH_SEARCH_PATHS = "$(inherited) @executable_path/Frameworks @loader_path/Frameworks";
				PRODUCT_BUNDLE_IDENTIFIER = First.FirstAppTests;
				PRODUCT_NAME = "$(TARGET_NAME)";
				TEST_HOST = "$(BUILT_PRODUCTS_DIR)/FirstApp.app/FirstApp";
			};
			name = Debug;
		};
		5C2918221D9996810023AA72 /* Release */ = {
			isa = XCBuildConfiguration;
			buildSettings = {
				BUNDLE_LOADER = "$(TEST_HOST)";
				INFOPLIST_FILE = FirstAppTests/Info.plist;
				LD_RUNPATH_SEARCH_PATHS = "$(inherited) @executable_path/Frameworks @loader_path/Frameworks";
				PRODUCT_BUNDLE_IDENTIFIER = First.FirstAppTests;
				PRODUCT_NAME = "$(TARGET_NAME)";
				TEST_HOST = "$(BUILT_PRODUCTS_DIR)/FirstApp.app/FirstApp";
			};
			name = Release;
		};
		5C2918241D9996810023AA72 /* Debug */ = {
			isa = XCBuildConfiguration;
			buildSettings = {
				INFOPLIST_FILE = FirstAppUITests/Info.plist;
				LD_RUNPATH_SEARCH_PATHS = "$(inherited) @executable_path/Frameworks @loader_path/Frameworks";
				PRODUCT_BUNDLE_IDENTIFIER = First.FirstAppUITests;
				PRODUCT_NAME = "$(TARGET_NAME)";
				TEST_TARGET_NAME = FirstApp;
				USES_XCTRUNNER = YES;
			};
			name = Debug;
		};
		5C2918251D9996810023AA72 /* Release */ = {
			isa = XCBuildConfiguration;
			buildSettings = {
				INFOPLIST_FILE = FirstAppUITests/Info.plist;
				LD_RUNPATH_SEARCH_PATHS = "$(inherited) @executable_path/Frameworks @loader_path/Frameworks";
				PRODUCT_BUNDLE_IDENTIFIER = First.FirstAppUITests;
				PRODUCT_NAME = "$(TARGET_NAME)";
				TEST_TARGET_NAME = FirstApp;
				USES_XCTRUNNER = YES;
			};
			name = Release;
		};
/* End XCBuildConfiguration section */

/* Begin XCConfigurationList section */
		5C2917F01D9996800023AA72 /* Build configuration list for PBXProject "FirstApp" */ = {
			isa = XCConfigurationList;
			buildConfigurations = (
				5C29181B1D9996810023AA72 /* Debug */,
				5C29181C1D9996810023AA72 /* Release */,
			);
			defaultConfigurationIsVisible = 0;
			defaultConfigurationName = Release;
		};
		5C29181D1D9996810023AA72 /* Build configuration list for PBXNativeTarget "FirstApp" */ = {
			isa = XCConfigurationList;
			buildConfigurations = (
				5C29181E1D9996810023AA72 /* Debug */,
				5C29181F1D9996810023AA72 /* Release */,
			);
			defaultConfigurationIsVisible = 0;
		};
		5C2918201D9996810023AA72 /* Build configuration list for PBXNativeTarget "FirstAppTests" */ = {
			isa = XCConfigurationList;
			buildConfigurations = (
				5C2918211D9996810023AA72 /* Debug */,
				5C2918221D9996810023AA72 /* Release */,
			);
			defaultConfigurationIsVisible = 0;
		};
		5C2918231D9996810023AA72 /* Build configuration list for PBXNativeTarget "FirstAppUITests" */ = {
			isa = XCConfigurationList;
			buildConfigurations = (
				5C2918241D9996810023AA72 /* Debug */,
				5C2918251D9996810023AA72 /* Release */,
			);
			defaultConfigurationIsVisible = 0;
		};
/* End XCConfigurationList section */
	};
	rootObject = 5C2917ED1D9996800023AA72 /* Project object */;
}
